
Microsoft Visual Studio Solution File, Format Version 12.00
# Visual Studio Version 17
VisualStudioVersion = 17.7.34031.279
MinimumVisualStudioVersion = 10.0.40219.1
Project("{FAE04EC0-301F-11D3-BF4B-00C04F79EFBC}") = "ColorMaker", "ColorMaker\ColorMaker.csproj", "{8605437B-A1D5-4B1D-8633-64EB6346EDEE}"
EndProject
Global
	GlobalSection(SolutionConfigurationPlatforms) = preSolution
		Debug|Any CPU = Debug|Any CPU
		Release|Any CPU = Release|Any CPU
	EndGlobalSection
	GlobalSection(ProjectConfigurationPlatforms) = postSolution
		{8605437B-A1D5-4B1D-8633-64EB6346EDEE}.Debug|Any CPU.ActiveCfg = Debug|Any CPU
		{8605437B-A1D5-4B1D-8633-64EB6346EDEE}.Debug|Any CPU.Build.0 = Debug|Any CPU
		{8605437B-A1D5-4B1D-8633-64EB6346EDEE}.Debug|Any CPU.Deploy.0 = Debug|Any CPU
		{8605437B-A1D5-4B1D-8633-64EB6346EDEE}.Release|Any CPU.ActiveCfg = Release|Any CPU
		{8605437B-A1D5-4B1D-8633-64EB6346EDEE}.Release|Any CPU.Build.0 = Release|Any CPU
		{8605437B-A1D5-4B1D-8633-64EB6346EDEE}.Release|Any CPU.Deploy.0 = Release|Any CPU
	EndGlobalSection
	GlobalSection(SolutionProperties) = preSolution
		HideSolutionNode = FALSE
	EndGlobalSection
	GlobalSection(ExtensibilityGlobals) = postSolution
		SolutionGuid = {E5DF9C01-0503-4C4E-B0E9-755129D0E282}
	EndGlobalSection
EndGlobal
